
Microsoft Visual Studio Solution File, Format Version 12.00
# Visual Studio Version 16
VisualStudioVersion = 16.0.30523.141
MinimumVisualStudioVersion = 10.0.40219.1
Project("{FAE04EC0-301F-11D3-BF4B-00C04F79EFBC}") = "WebApp", "WebApp\WebApp.csproj", "{6619B78E-BFAB-46AC-B1E4-86C54E092942}"
EndProject
Global
	GlobalSection(SolutionConfigurationPlatforms) = preSolution
		Debug|Any CPU = Debug|Any CPU
		Release|Any CPU = Release|Any CPU
	EndGlobalSection
	GlobalSection(ProjectConfigurationPlatforms) = postSolution
		{6619B78E-BFAB-46AC-B1E4-86C54E092942}.Debug|Any CPU.ActiveCfg = Debug|Any CPU
		{6619B78E-BFAB-46AC-B1E4-86C54E092942}.Debug|Any CPU.Build.0 = Debug|Any CPU
		{6619B78E-BFAB-46AC-B1E4-86C54E092942}.Release|Any CPU.ActiveCfg = Release|Any CPU
		{6619B78E-BFAB-46AC-B1E4-86C54E092942}.Release|Any CPU.Build.0 = Release|Any CPU
	EndGlobalSection
	GlobalSection(SolutionProperties) = preSolution
		HideSolutionNode = FALSE
	EndGlobalSection
	GlobalSection(ExtensibilityGlobals) = postSolution
		SolutionGuid = {48D9F806-DF2B-4243-879F-D6CEBEE4F9A7}
	EndGlobalSection
EndGlobal
